
Microsoft Visual Studio Solution File, Format Version 12.00
# Visual Studio Version 17
VisualStudioVersion = 17.3.32901.215
MinimumVisualStudioVersion = 10.0.40219.1
Project("{FAE04EC0-301F-11D3-BF4B-00C04F79EFBC}") = "MultiplicandoMatrizes", "MultiplicandoMatrizes\MultiplicandoMatrizes.csproj", "{84BB8504-FB70-4E82-9B64-050046D861B6}"
EndProject
Global
	GlobalSection(SolutionConfigurationPlatforms) = preSolution
		Debug|Any CPU = Debug|Any CPU
		Release|Any CPU = Release|Any CPU
	EndGlobalSection
	GlobalSection(ProjectConfigurationPlatforms) = postSolution
		{84BB8504-FB70-4E82-9B64-050046D861B6}.Debug|Any CPU.ActiveCfg = Debug|Any CPU
		{84BB8504-FB70-4E82-9B64-050046D861B6}.Debug|Any CPU.Build.0 = Debug|Any CPU
		{84BB8504-FB70-4E82-9B64-050046D861B6}.Release|Any CPU.ActiveCfg = Release|Any CPU
		{84BB8504-FB70-4E82-9B64-050046D861B6}.Release|Any CPU.Build.0 = Release|Any CPU
	EndGlobalSection
	GlobalSection(SolutionProperties) = preSolution
		HideSolutionNode = FALSE
	EndGlobalSection
	GlobalSection(ExtensibilityGlobals) = postSolution
		SolutionGuid = {1E080AEF-C3FF-45C4-8964-C833E23BD270}
	EndGlobalSection
EndGlobal
